Microsoft Visual Studio Solution File, Format Version 12.00
# Visual Studio Version 17
VisualStudioVersion = 17.5.2.0
MinimumVisualStudioVersion = 10.0.40219.1
Project("{FAE04EC0-301F-11D3-BF4B-00C04F79EFBC}") = "UnlimitedIncubatorHatches", "UnlimitedIncubatorHatches.csproj", "{44C08777-3852-FB36-EBA2-1C67D7A11F4E}"
EndProject
Global
	GlobalSection(SolutionConfigurationPlatforms) = preSolution
		Debug|Any CPU = Debug|Any CPU
		Release|Any CPU = Release|Any CPU
	EndGlobalSection
	GlobalSection(ProjectConfigurationPlatforms) = postSolution
		{44C08777-3852-FB36-EBA2-1C67D7A11F4E}.Debug|Any CPU.ActiveCfg = Debug|Any CPU
		{44C08777-3852-FB36-EBA2-1C67D7A11F4E}.Debug|Any CPU.Build.0 = Debug|Any CPU
		{44C08777-3852-FB36-EBA2-1C67D7A11F4E}.Release|Any CPU.ActiveCfg = Release|Any CPU
		{44C08777-3852-FB36-EBA2-1C67D7A11F4E}.Release|Any CPU.Build.0 = Release|Any CPU
	EndGlobalSection
	GlobalSection(SolutionProperties) = preSolution
		HideSolutionNode = FALSE
	EndGlobalSection
	GlobalSection(ExtensibilityGlobals) = postSolution
		SolutionGuid = {CF408D12-A6D4-4EE6-83FB-6BF189C6A2F0}
	EndGlobalSection
EndGlobal
